
Microsoft Visual Studio Solution File, Format Version 12.00
# Visual Studio Version 17
VisualStudioVersion = 17.0.31903.59
MinimumVisualStudioVersion = 10.0.40219.1
Project("{9A19103F-16F7-4668-BE54-9A1E7A4F7556}") = "api", "src\api\Todo.Api.csproj", "{AB0A6DA9-3DB8-4DB1-B09D-D30EDF7FDAF1}"
EndProject
Project("{2150E333-8FDC-42A3-9474-1A3956D46DE8}") = "src", "src", "{4AD96F84-4704-4DE6-9CB6-550E6DBDD047}"
EndProject
Project("{2150E333-8FDC-42A3-9474-1A3956D46DE8}") = "tests", "tests", "{91D16156-43F7-4EEE-AEC0-72FE1052940C}"
EndProject
Project("{9A19103F-16F7-4668-BE54-9A1E7A4F7556}") = "Todo.Api.Tests", "tests\UnitTests\api.Tests\Todo.Api.Tests.csproj", "{85E4164B-5452-488D-8D23-29EFBB87C335}"
EndProject
Global
	GlobalSection(SolutionConfigurationPlatforms) = preSolution
		Debug|Any CPU = Debug|Any CPU
		Release|Any CPU = Release|Any CPU
	EndGlobalSection
	GlobalSection(ProjectConfigurationPlatforms) = postSolution
		{AB0A6DA9-3DB8-4DB1-B09D-D30EDF7FDAF1}.Debug|Any CPU.ActiveCfg = Debug|Any CPU
		{AB0A6DA9-3DB8-4DB1-B09D-D30EDF7FDAF1}.Debug|Any CPU.Build.0 = Debug|Any CPU
		{AB0A6DA9-3DB8-4DB1-B09D-D30EDF7FDAF1}.Release|Any CPU.ActiveCfg = Release|Any CPU
		{AB0A6DA9-3DB8-4DB1-B09D-D30EDF7FDAF1}.Release|Any CPU.Build.0 = Release|Any CPU
		{85E4164B-5452-488D-8D23-29EFBB87C335}.Debug|Any CPU.ActiveCfg = Debug|Any CPU
		{85E4164B-5452-488D-8D23-29EFBB87C335}.Debug|Any CPU.Build.0 = Debug|Any CPU
		{85E4164B-5452-488D-8D23-29EFBB87C335}.Release|Any CPU.ActiveCfg = Release|Any CPU
		{85E4164B-5452-488D-8D23-29EFBB87C335}.Release|Any CPU.Build.0 = Release|Any CPU
	EndGlobalSection
	GlobalSection(SolutionProperties) = preSolution
		HideSolutionNode = FALSE
	EndGlobalSection
	GlobalSection(NestedProjects) = preSolution
		{AB0A6DA9-3DB8-4DB1-B09D-D30EDF7FDAF1} = {4AD96F84-4704-4DE6-9CB6-550E6DBDD047}
		{85E4164B-5452-488D-8D23-29EFBB87C335} = {91D16156-43F7-4EEE-AEC0-72FE1052940C}
	EndGlobalSection
	GlobalSection(ExtensibilityGlobals) = postSolution
		SolutionGuid = {0BFD819D-CCE1-45F0-B35B-5F0A601AC826}
	EndGlobalSection
EndGlobal
